github.com/go-gl/glfw/v3.3/glfw v0.0.0-20191125211704-12ad95a8df72 h1:b+9H1GAsx5RsjvDFLoS5zkNBzIQMuVKUYQDmxU3N5XE=
github.com/go-gl/glfw/v3.3/glfw v0.0.0-20191125211704-12ad95a8df72/go.mod h1:tQ2UAYgL5IevRw8kRxooKSPJfGvJ9fJQFa0TUsXzTg8=
github.com/gopherjs/gopherjs v0.0.0-20191106031601-ce3c9ade29de h1:F7WD09S8QB4LrkEpka0dFPLSotH11HRpCsLIbIcJ7sU=
github.com/gopherjs/gopherjs v0.0.0-20191106031601-ce3c9ade29de/go.mod h1:wJfORRmW1u3UXTncJ5qlYoELFm8eSnnEO6hX4iZ3EWY=
github.com/maja42/gl v0.0.0-20191228211515-a487cca7c1ff h1:qkb1joUEnQCJFPo+GC8ISXmf/yFAMvoNbJaK8d5+LM4=
github.com/maja42/gl v0.0.0-20191228211515-a487cca7c1ff/go.mod h1:cfOkzUJM5MRW4wrXdEwtXgM1sMT6ryLOA3EC19CXAF8=
honnef.co/go/js/dom v0.0.0-20190526011328-ebc4cf92d81f h1:b3Q9PqH+5NYHfIjNUEN+f8lYvBh9A25AX+kPh8dpYmc=
honnef.co/go/js/dom v0.0.0-20190526011328-ebc4cf92d81f/go.mod h1:sUMDUKNB2ZcVjt92UnLy3cdGs+wDAcrPdV3JP6sVgA4=
